
Microsoft Visual Studio Solution File, Format Version 12.00
# Visual Studio Version 17
VisualStudioVersion = 17.6.33829.357
MinimumVisualStudioVersion = 10.0.40219.1
Project("{FAE04EC0-301F-11D3-BF4B-00C04F79EFBC}") = "AlpineSkiHouse", "AlpineSkiHouse.csproj", "{CFFA111A-D6AB-4AF0-9215-D5B03671C78B}"
EndProject
Global
	GlobalSection(SolutionConfigurationPlatforms) = preSolution
		Debug|Any CPU = Debug|Any CPU
		Release|Any CPU = Release|Any CPU
	EndGlobalSection
	GlobalSection(ProjectConfigurationPlatforms) = postSolution
		{CFFA111A-D6AB-4AF0-9215-D5B03671C78B}.Debug|Any CPU.ActiveCfg = Debug|Any CPU
		{CFFA111A-D6AB-4AF0-9215-D5B03671C78B}.Debug|Any CPU.Build.0 = Debug|Any CPU
		{CFFA111A-D6AB-4AF0-9215-D5B03671C78B}.Release|Any CPU.ActiveCfg = Release|Any CPU
		{CFFA111A-D6AB-4AF0-9215-D5B03671C78B}.Release|Any CPU.Build.0 = Release|Any CPU
	EndGlobalSection
	GlobalSection(SolutionProperties) = preSolution
		HideSolutionNode = FALSE
	EndGlobalSection
	GlobalSection(ExtensibilityGlobals) = postSolution
		SolutionGuid = {C71B0067-95D7-4F7C-9D1E-8EFD1359DF0C}
	EndGlobalSection
EndGlobal
